
Microsoft Visual Studio Solution File, Format Version 12.00
# Visual Studio Version 16
VisualStudioVersion = 16.0.31402.337
MinimumVisualStudioVersion = 10.0.40219.1
Project("{FAE04EC0-301F-11D3-BF4B-00C04F79EFBC}") = "P1Mvc", "P1Mvc.csproj", "{87AA1FD4-7C0F-4973-B92F-993765FBD28A}"
EndProject
Project("{FAE04EC0-301F-11D3-BF4B-00C04F79EFBC}") = "BusinessLayer", "..\BusinessLayer\BusinessLayer.csproj", "{7790EB0E-6741-49B9-8AD1-8BA8C1E7CEA5}"
EndProject
Project("{FAE04EC0-301F-11D3-BF4B-00C04F79EFBC}") = "RepositoryLayer", "..\RepositoryLayer\RepositoryLayer.csproj", "{BEE7742E-42AD-441F-A5B5-8001C338167F}"
EndProject
Project("{FAE04EC0-301F-11D3-BF4B-00C04F79EFBC}") = "ModelsLayer", "..\ModelsLayer\ModelsLayer.csproj", "{239190D5-6185-4EFB-80DF-14A74FA78D85}"
EndProject
Project("{FAE04EC0-301F-11D3-BF4B-00C04F79EFBC}") = "P1.Tests", "..\P1.Tests\P1.Tests.csproj", "{D61BDD51-4C7C-43F1-8182-65D08FDAB5D9}"
EndProject
Global
	GlobalSection(SolutionConfigurationPlatforms) = preSolution
		Debug|Any CPU = Debug|Any CPU
		Release|Any CPU = Release|Any CPU
	EndGlobalSection
	GlobalSection(ProjectConfigurationPlatforms) = postSolution
		{87AA1FD4-7C0F-4973-B92F-993765FBD28A}.Debug|Any CPU.ActiveCfg = Debug|Any CPU
		{87AA1FD4-7C0F-4973-B92F-993765FBD28A}.Debug|Any CPU.Build.0 = Debug|Any CPU
		{87AA1FD4-7C0F-4973-B92F-993765FBD28A}.Release|Any CPU.ActiveCfg = Release|Any CPU
		{87AA1FD4-7C0F-4973-B92F-993765FBD28A}.Release|Any CPU.Build.0 = Release|Any CPU
		{7790EB0E-6741-49B9-8AD1-8BA8C1E7CEA5}.Debug|Any CPU.ActiveCfg = Debug|Any CPU
		{7790EB0E-6741-49B9-8AD1-8BA8C1E7CEA5}.Debug|Any CPU.Build.0 = Debug|Any CPU
		{7790EB0E-6741-49B9-8AD1-8BA8C1E7CEA5}.Release|Any CPU.ActiveCfg = Release|Any CPU
		{7790EB0E-6741-49B9-8AD1-8BA8C1E7CEA5}.Release|Any CPU.Build.0 = Release|Any CPU
		{BEE7742E-42AD-441F-A5B5-8001C338167F}.Debug|Any CPU.ActiveCfg = Debug|Any CPU
		{BEE7742E-42AD-441F-A5B5-8001C338167F}.Debug|Any CPU.Build.0 = Debug|Any CPU
		{BEE7742E-42AD-441F-A5B5-8001C338167F}.Release|Any CPU.ActiveCfg = Release|Any CPU
		{BEE7742E-42AD-441F-A5B5-8001C338167F}.Release|Any CPU.Build.0 = Release|Any CPU
		{239190D5-6185-4EFB-80DF-14A74FA78D85}.Debug|Any CPU.ActiveCfg = Debug|Any CPU
		{239190D5-6185-4EFB-80DF-14A74FA78D85}.Debug|Any CPU.Build.0 = Debug|Any CPU
		{239190D5-6185-4EFB-80DF-14A74FA78D85}.Release|Any CPU.ActiveCfg = Release|Any CPU
		{239190D5-6185-4EFB-80DF-14A74FA78D85}.Release|Any CPU.Build.0 = Release|Any CPU
		{D61BDD51-4C7C-43F1-8182-65D08FDAB5D9}.Debug|Any CPU.ActiveCfg = Debug|Any CPU
		{D61BDD51-4C7C-43F1-8182-65D08FDAB5D9}.Debug|Any CPU.Build.0 = Debug|Any CPU
		{D61BDD51-4C7C-43F1-8182-65D08FDAB5D9}.Release|Any CPU.ActiveCfg = Release|Any CPU
		{D61BDD51-4C7C-43F1-8182-65D08FDAB5D9}.Release|Any CPU.Build.0 = Release|Any CPU
	EndGlobalSection
	GlobalSection(SolutionProperties) = preSolution
		HideSolutionNode = FALSE
	EndGlobalSection
	GlobalSection(ExtensibilityGlobals) = postSolution
		SolutionGuid = {B791C45E-6AE3-4CF0-A7DB-B2468B82E2AA}
	EndGlobalSection
EndGlobal
