
Microsoft Visual Studio Solution File, Format Version 12.00
# Visual Studio Version 16
VisualStudioVersion = 16.0.31402.337
MinimumVisualStudioVersion = 10.0.40219.1
Project("{9A19103F-16F7-4668-BE54-9A1E7A4F7556}") = "P0", "P0.csproj", "{702F41C6-99C6-4DFA-8193-887A17ABF02E}"
EndProject
Project("{9A19103F-16F7-4668-BE54-9A1E7A4F7556}") = "p0.Tests", "..\..\P0WithTestAndDb\p0.Tests\p0.Tests.csproj", "{AF28EA0F-0D9D-426C-BF93-60A410AE1DAE}"
EndProject
Project("{FAE04EC0-301F-11D3-BF4B-00C04F79EFBC}") = "P0DbContext", "..\P0DbContext\P0DbContext.csproj", "{FE5AB98A-7DCD-4C05-BA36-8B6DDD2BB69A}"
EndProject
Global
	GlobalSection(SolutionConfigurationPlatforms) = preSolution
		Debug|Any CPU = Debug|Any CPU
		Release|Any CPU = Release|Any CPU
	EndGlobalSection
	GlobalSection(ProjectConfigurationPlatforms) = postSolution
		{702F41C6-99C6-4DFA-8193-887A17ABF02E}.Debug|Any CPU.ActiveCfg = Debug|Any CPU
		{702F41C6-99C6-4DFA-8193-887A17ABF02E}.Debug|Any CPU.Build.0 = Debug|Any CPU
		{702F41C6-99C6-4DFA-8193-887A17ABF02E}.Release|Any CPU.ActiveCfg = Release|Any CPU
		{702F41C6-99C6-4DFA-8193-887A17ABF02E}.Release|Any CPU.Build.0 = Release|Any CPU
		{AF28EA0F-0D9D-426C-BF93-60A410AE1DAE}.Debug|Any CPU.ActiveCfg = Debug|Any CPU
		{AF28EA0F-0D9D-426C-BF93-60A410AE1DAE}.Debug|Any CPU.Build.0 = Debug|Any CPU
		{AF28EA0F-0D9D-426C-BF93-60A410AE1DAE}.Release|Any CPU.ActiveCfg = Release|Any CPU
		{AF28EA0F-0D9D-426C-BF93-60A410AE1DAE}.Release|Any CPU.Build.0 = Release|Any CPU
		{FE5AB98A-7DCD-4C05-BA36-8B6DDD2BB69A}.Debug|Any CPU.ActiveCfg = Debug|Any CPU
		{FE5AB98A-7DCD-4C05-BA36-8B6DDD2BB69A}.Debug|Any CPU.Build.0 = Debug|Any CPU
		{FE5AB98A-7DCD-4C05-BA36-8B6DDD2BB69A}.Release|Any CPU.ActiveCfg = Release|Any CPU
		{FE5AB98A-7DCD-4C05-BA36-8B6DDD2BB69A}.Release|Any CPU.Build.0 = Release|Any CPU
	EndGlobalSection
	GlobalSection(SolutionProperties) = preSolution
		HideSolutionNode = FALSE
	EndGlobalSection
	GlobalSection(ExtensibilityGlobals) = postSolution
		SolutionGuid = {AC31124F-B4E0-4B7B-B729-9A0E16BCB1C5}
	EndGlobalSection
EndGlobal
