
Microsoft Visual Studio Solution File, Format Version 12.00
# Visual Studio Version 16
VisualStudioVersion = 16.0.31402.337
MinimumVisualStudioVersion = 10.0.40219.1
Project("{9A19103F-16F7-4668-BE54-9A1E7A4F7556}") = "P2API", "P2API.csproj", "{A1163A4B-7F61-40F8-B223-DE244A16D796}"
EndProject
Project("{9A19103F-16F7-4668-BE54-9A1E7A4F7556}") = "BusinessLayer", "..\..\P1.2.4\BusinessLayer\BusinessLayer.csproj", "{9BB6C56A-9DC4-48B4-B53F-959B839FED5B}"
EndProject
Project("{9A19103F-16F7-4668-BE54-9A1E7A4F7556}") = "ModelsLayer", "..\..\P1.2.4\ModelsLayer\ModelsLayer.csproj", "{82B49546-EA49-45E6-AE42-C395CD75FF2D}"
EndProject
Project("{9A19103F-16F7-4668-BE54-9A1E7A4F7556}") = "RepositoryLayer", "..\..\P1.2.4\RepositoryLayer\RepositoryLayer.csproj", "{EB90C4BB-DCCA-44E0-B7FB-C2744C8AF88E}"
EndProject
Global
	GlobalSection(SolutionConfigurationPlatforms) = preSolution
		Debug|Any CPU = Debug|Any CPU
		Release|Any CPU = Release|Any CPU
	EndGlobalSection
	GlobalSection(ProjectConfigurationPlatforms) = postSolution
		{A1163A4B-7F61-40F8-B223-DE244A16D796}.Debug|Any CPU.ActiveCfg = Debug|Any CPU
		{A1163A4B-7F61-40F8-B223-DE244A16D796}.Debug|Any CPU.Build.0 = Debug|Any CPU
		{A1163A4B-7F61-40F8-B223-DE244A16D796}.Release|Any CPU.ActiveCfg = Release|Any CPU
		{A1163A4B-7F61-40F8-B223-DE244A16D796}.Release|Any CPU.Build.0 = Release|Any CPU
		{9BB6C56A-9DC4-48B4-B53F-959B839FED5B}.Debug|Any CPU.ActiveCfg = Debug|Any CPU
		{9BB6C56A-9DC4-48B4-B53F-959B839FED5B}.Debug|Any CPU.Build.0 = Debug|Any CPU
		{9BB6C56A-9DC4-48B4-B53F-959B839FED5B}.Release|Any CPU.ActiveCfg = Release|Any CPU
		{9BB6C56A-9DC4-48B4-B53F-959B839FED5B}.Release|Any CPU.Build.0 = Release|Any CPU
		{82B49546-EA49-45E6-AE42-C395CD75FF2D}.Debug|Any CPU.ActiveCfg = Debug|Any CPU
		{82B49546-EA49-45E6-AE42-C395CD75FF2D}.Debug|Any CPU.Build.0 = Debug|Any CPU
		{82B49546-EA49-45E6-AE42-C395CD75FF2D}.Release|Any CPU.ActiveCfg = Release|Any CPU
		{82B49546-EA49-45E6-AE42-C395CD75FF2D}.Release|Any CPU.Build.0 = Release|Any CPU
		{EB90C4BB-DCCA-44E0-B7FB-C2744C8AF88E}.Debug|Any CPU.ActiveCfg = Debug|Any CPU
		{EB90C4BB-DCCA-44E0-B7FB-C2744C8AF88E}.Debug|Any CPU.Build.0 = Debug|Any CPU
		{EB90C4BB-DCCA-44E0-B7FB-C2744C8AF88E}.Release|Any CPU.ActiveCfg = Release|Any CPU
		{EB90C4BB-DCCA-44E0-B7FB-C2744C8AF88E}.Release|Any CPU.Build.0 = Release|Any CPU
	EndGlobalSection
	GlobalSection(SolutionProperties) = preSolution
		HideSolutionNode = FALSE
	EndGlobalSection
	GlobalSection(ExtensibilityGlobals) = postSolution
		SolutionGuid = {BD5B4601-3EC8-4756-B61B-E2DA381E4C7C}
	EndGlobalSection
EndGlobal
